
Microsoft Visual Studio Solution File, Format Version 12.00
# Visual Studio Version 16
VisualStudioVersion = 16.0.31729.503
MinimumVisualStudioVersion = 10.0.40219.1
Project("{FAE04EC0-301F-11D3-BF4B-00C04F79EFBC}") = "Ders5", "Ders5\Ders5.csproj", "{A3A2C67F-99A9-4DF3-8730-94607B2E3FFC}"
EndProject
Global
	GlobalSection(SolutionConfigurationPlatforms) = preSolution
		Debug|Any CPU = Debug|Any CPU
		Release|Any CPU = Release|Any CPU
	EndGlobalSection
	GlobalSection(ProjectConfigurationPlatforms) = postSolution
		{A3A2C67F-99A9-4DF3-8730-94607B2E3FFC}.Debug|Any CPU.ActiveCfg = Debug|Any CPU
		{A3A2C67F-99A9-4DF3-8730-94607B2E3FFC}.Debug|Any CPU.Build.0 = Debug|Any CPU
		{A3A2C67F-99A9-4DF3-8730-94607B2E3FFC}.Release|Any CPU.ActiveCfg = Release|Any CPU
		{A3A2C67F-99A9-4DF3-8730-94607B2E3FFC}.Release|Any CPU.Build.0 = Release|Any CPU
	EndGlobalSection
	GlobalSection(SolutionProperties) = preSolution
		HideSolutionNode = FALSE
	EndGlobalSection
	GlobalSection(ExtensibilityGlobals) = postSolution
		SolutionGuid = {BCC5BA0C-7D18-4B91-AA47-9B0B7B1B234B}
	EndGlobalSection
EndGlobal
